// !$*UTF8*$!
{
	archiveVersion = 1;
	classes = {
	};
	objectVersion = 46;
	objects = {

/* Begin PBXBuildFile section */
		3A837F90135BC927004BCE17 /* Cocoa.framework in Frameworks */ = {isa = PBXBuildFile; fileRef = 3A837F8F135BC927004BCE17 /* Cocoa.framework */; };
		3A837F9A135BC927004BCE17 /* InfoPlist.strings in Resources */ = {isa = PBXBuildFile; fileRef = 3A837F98135BC927004BCE17 /* InfoPlist.strings */; };
		3A837F9D135BC927004BCE17 /* main.m in Sources */ = {isa = PBXBuildFile; fileRef = 3A837F9C135BC927004BCE17 /* main.m */; };
		3A837FA0135BC927004BCE17 /* Credits.rtf in Resources */ = {isa = PBXBuildFile; fileRef = 3A837F9E135BC927004BCE17 /* Credits.rtf */; };
		3A837FA3135BC928004BCE17 /* Corpora_CompareAppDelegate.m in Sources */ = {isa = PBXBuildFile; fileRef = 3A837FA2135BC928004BCE17 /* Corpora_CompareAppDelegate.m */; };
		3A837FA6135BC928004BCE17 /* MainMenu.xib in Resources */ = {isa = PBXBuildFile; fileRef = 3A837FA4135BC928004BCE17 /* MainMenu.xib */; };
/* End PBXBuildFile section */

/* Begin PBXFileReference section */
		3A837F8B135BC927004BCE17 /* Corpora Compare.app */ = {isa = PBXFileReference; explicitFileType = wrapper.application; includeInIndex = 0; path = "Corpora Compare.app"; sourceTree = BUILT_PRODUCTS_DIR; };
		3A837F8F135BC927004BCE17 /* Cocoa.framework */ = {isa = PBXFileReference; lastKnownFileType = wrapper.framework; name = Cocoa.framework; path = System/Library/Frameworks/Cocoa.framework; sourceTree = SDKROOT; };
		3A837F92135BC927004BCE17 /* AppKit.framework */ = {isa = PBXFileReference; lastKnownFileType = wrapper.framework; name = AppKit.framework; path = System/Library/Frameworks/AppKit.framework; sourceTree = SDKROOT; };
		3A837F93135BC927004BCE17 /* CoreData.framework */ = {isa = PBXFileReference; lastKnownFileType = wrapper.framework; name = CoreData.framework; path = System/Library/Frameworks/CoreData.framework; sourceTree = SDKROOT; };
		3A837F94135BC927004BCE17 /* Foundation.framework */ = {isa = PBXFileReference; lastKnownFileType = wrapper.framework; name = Foundation.framework; path = System/Library/Frameworks/Foundation.framework; sourceTree = SDKROOT; };
		3A837F97135BC927004BCE17 /* Corpora Compare-Info.plist */ = {isa = PBXFileReference; path = "Corpora Compare-Info.plist"; sourceTree = "<group>"; };
		3A837F99135BC927004BCE17 /* en */ = {isa = PBXFileReference; lastKnownFileType = text.plist.strings; name = en; path = en.lproj/InfoPlist.strings; sourceTree = "<group>"; };
		3A837F9B135BC927004BCE17 /* Corpora Compare-Prefix.pch */ = {isa = PBXFileReference; path = "Corpora Compare-Prefix.pch"; sourceTree = "<group>"; };
		3A837F9C135BC927004BCE17 /* main.m */ = {isa = PBXFileReference; lastKnownFileType = sourcecode.c.objc; path = main.m; sourceTree = "<group>"; };
		3A837F9F135BC927004BCE17 /* en */ = {isa = PBXFileReference; lastKnownFileType = text.rtf; name = en; path = en.lproj/Credits.rtf; sourceTree = "<group>"; };
		3A837FA1135BC928004BCE17 /* Corpora_CompareAppDelegate.h */ = {isa = PBXFileReference; path = Corpora_CompareAppDelegate.h; sourceTree = "<group>"; };
		3A837FA2135BC928004BCE17 /* Corpora_CompareAppDelegate.m */ = {isa = PBXFileReference; lastKnownFileType = sourcecode.c.objc; path = Corpora_CompareAppDelegate.m; sourceTree = "<group>"; };
		3A837FA5135BC928004BCE17 /* en */ = {isa = PBXFileReference; lastKnownFileType = file.xib; name = en; path = en.lproj/MainMenu.xib; sourceTree = "<group>"; };
/* End PBXFileReference section */

/* Begin PBXFrameworksBuildPhase section */
		3A837F88135BC927004BCE17 /* Frameworks */ = {
			isa = PBXFrameworksBuildPhase;
			buildActionMask = 2147483647;
			files = (
				3A837F90135BC927004BCE17 /* Cocoa.framework in Frameworks */,
			);
			runOnlyForDeploymentPostprocessing = 0;
		};
/* End PBXFrameworksBuildPhase section */

/* Begin PBXGroup section */
		3A837F80135BC927004BCE17 = {
			isa = PBXGroup;
			children = (
				3A837F95135BC927004BCE17 /* Corpora Compare */,
				3A837F8E135BC927004BCE17 /* Frameworks */,
				3A837F8C135BC927004BCE17 /* Products */,
			);
			sourceTree = "<group>";
		};
		3A837F8C135BC927004BCE17 /* Products */ = {
			isa = PBXGroup;
			children = (
				3A837F8B135BC927004BCE17 /* Corpora Compare.app */,
			);
			name = Products;
			sourceTree = "<group>";
		};
		3A837F8E135BC927004BCE17 /* Frameworks */ = {
			isa = PBXGroup;
			children = (
				3A837F8F135BC927004BCE17 /* Cocoa.framework */,
				3A837F91135BC927004BCE17 /* Other Frameworks */,
			);
			name = Frameworks;
			sourceTree = "<group>";
		};
		3A837F91135BC927004BCE17 /* Other Frameworks */ = {
			isa = PBXGroup;
			children = (
				3A837F92135BC927004BCE17 /* AppKit.framework */,
				3A837F93135BC927004BCE17 /* CoreData.framework */,
				3A837F94135BC927004BCE17 /* Foundation.framework */,
			);
			name = "Other Frameworks";
			sourceTree = "<group>";
		};
		3A837F95135BC927004BCE17 /* Corpora Compare */ = {
			isa = PBXGroup;
			children = (
				3A837FA1135BC928004BCE17 /* Corpora_CompareAppDelegate.h */,
				3A837FA2135BC928004BCE17 /* Corpora_CompareAppDelegate.m */,
				3A837FA4135BC928004BCE17 /* MainMenu.xib */,
				3A837F96135BC927004BCE17 /* Supporting Files */,
			);
			path = "Corpora Compare";
			sourceTree = "<group>";
		};
		3A837F96135BC927004BCE17 /* Supporting Files */ = {
			isa = PBXGroup;
			children = (
				3A837F97135BC927004BCE17 /* Corpora Compare-Info.plist */,
				3A837F98135BC927004BCE17 /* InfoPlist.strings */,
				3A837F9B135BC927004BCE17 /* Corpora Compare-Prefix.pch */,
				3A837F9C135BC927004BCE17 /* main.m */,
				3A837F9E135BC927004BCE17 /* Credits.rtf */,
			);
			name = "Supporting Files";
			sourceTree = "<group>";
		};
/* End PBXGroup section */

/* Begin PBXNativeTarget section */
		3A837F8A135BC927004BCE17 /* Corpora Compare */ = {
			isa = PBXNativeTarget;
			buildConfigurationList = 3A837FA9135BC928004BCE17 /* Build configuration list for PBXNativeTarget "Corpora Compare" */;
			buildPhases = (
				3A837F87135BC927004BCE17 /* Sources */,
				3A837F88135BC927004BCE17 /* Frameworks */,
				3A837F89135BC927004BCE17 /* Resources */,
			);
			buildRules = (
			);
			dependencies = (
			);
			name = "Corpora Compare";
			productName = "Corpora Compare";
			productReference = 3A837F8B135BC927004BCE17 /* Corpora Compare.app */;
			productType = "com.apple.product-type.application";
		};
/* End PBXNativeTarget section */

/* Begin PBXProject section */
		3A837F82135BC927004BCE17 /* Project object */ = {
			isa = PBXProject;
			attributes = {
				ORGANIZATIONNAME = Ultramentem;
			};
			buildConfigurationList = 3A837F85135BC927004BCE17 /* Build configuration list for PBXProject "Corpora Compare" */;
			compatibilityVersion = "Xcode 3.2";
			developmentRegion = English;
			hasScannedForEncodings = 0;
			knownRegions = (
				en,
			);
			mainGroup = 3A837F80135BC927004BCE17;
			productRefGroup = 3A837F8C135BC927004BCE17 /* Products */;
			projectDirPath = "";
			projectRoot = "";
			targets = (
				3A837F8A135BC927004BCE17 /* Corpora Compare */,
			);
		};
/* End PBXProject section */

/* Begin PBXResourcesBuildPhase section */
		3A837F89135BC927004BCE17 /* Resources */ = {
			isa = PBXResourcesBuildPhase;
			buildActionMask = 2147483647;
			files = (
				3A837F9A135BC927004BCE17 /* InfoPlist.strings in Resources */,
				3A837FA0135BC927004BCE17 /* Credits.rtf in Resources */,
				3A837FA6135BC928004BCE17 /* MainMenu.xib in Resources */,
			);
			runOnlyForDeploymentPostprocessing = 0;
		};
/* End PBXResourcesBuildPhase section */

/* Begin PBXSourcesBuildPhase section */
		3A837F87135BC927004BCE17 /* Sources */ = {
			isa = PBXSourcesBuildPhase;
			buildActionMask = 2147483647;
			files = (
				3A837F9D135BC927004BCE17 /* main.m in Sources */,
				3A837FA3135BC928004BCE17 /* Corpora_CompareAppDelegate.m in Sources */,
			);
			runOnlyForDeploymentPostprocessing = 0;
		};
/* End PBXSourcesBuildPhase section */

/* Begin PBXVariantGroup section */
		3A837F98135BC927004BCE17 /* InfoPlist.strings */ = {
			isa = PBXVariantGroup;
			children = (
				3A837F99135BC927004BCE17 /* en */,
			);
			name = InfoPlist.strings;
			sourceTree = "<group>";
		};
		3A837F9E135BC927004BCE17 /* Credits.rtf */ = {
			isa = PBXVariantGroup;
			children = (
				3A837F9F135BC927004BCE17 /* en */,
			);
			name = Credits.rtf;
			sourceTree = "<group>";
		};
		3A837FA4135BC928004BCE17 /* MainMenu.xib */ = {
			isa = PBXVariantGroup;
			children = (
				3A837FA5135BC928004BCE17 /* en */,
			);
			name = MainMenu.xib;
			sourceTree = "<group>";
		};
/* End PBXVariantGroup section */

/* Begin XCBuildConfiguration section */
		3A837FA7135BC928004BCE17 /* Debug */ = {
			isa = XCBuildConfiguration;
			buildSettings = {
				ARCHS = "$(ARCHS_STANDARD_32_64_BIT)";
				GCC_C_LANGUAGE_STANDARD = gnu99;
				GCC_OPTIMIZATION_LEVEL = 0;
				GCC_PREPROCESSOR_DEFINITIONS = DEBUG;
				GCC_SYMBOLS_PRIVATE_EXTERN = NO;
				GCC_VERSION = com.apple.compilers.llvm.clang.1_0;
				GCC_WARN_64_TO_32_BIT_CONVERSION = YES;
				GCC_WARN_ABOUT_RETURN_TYPE = YES;
				GCC_WARN_UNUSED_VARIABLE = YES;
				MACOSX_DEPLOYMENT_TARGET = 10.6;
				ONLY_ACTIVE_ARCH = YES;
				SDKROOT = macosx;
			};
			name = Debug;
		};
		3A837FA8135BC928004BCE17 /* Release */ = {
			isa = XCBuildConfiguration;
			buildSettings = {
				ARCHS = "$(ARCHS_STANDARD_32_64_BIT)";
				GCC_C_LANGUAGE_STANDARD = gnu99;
				GCC_VERSION = com.apple.compilers.llvm.clang.1_0;
				GCC_WARN_64_TO_32_BIT_CONVERSION = YES;
				GCC_WARN_ABOUT_RETURN_TYPE = YES;
				GCC_WARN_UNUSED_VARIABLE = YES;
				MACOSX_DEPLOYMENT_TARGET = 10.6;
				SDKROOT = macosx;
			};
			name = Release;
		};
		3A837FAA135BC928004BCE17 /* Debug */ = {
			isa = XCBuildConfiguration;
			buildSettings = {
				ALWAYS_SEARCH_USER_PATHS = NO;
				COPY_PHASE_STRIP = NO;
				GCC_DYNAMIC_NO_PIC = NO;
				GCC_ENABLE_OBJC_EXCEPTIONS = YES;
				GCC_PRECOMPILE_PREFIX_HEADER = YES;
				GCC_PREFIX_HEADER = "Corpora Compare/Corpora Compare-Prefix.pch";
				INFOPLIST_FILE = "Corpora Compare/Corpora Compare-Info.plist";
				PRODUCT_NAME = "$(TARGET_NAME)";
				WRAPPER_EXTENSION = app;
			};
			name = Debug;
		};
		3A837FAB135BC928004BCE17 /* Release */ = {
			isa = XCBuildConfiguration;
			buildSettings = {
				ALWAYS_SEARCH_USER_PATHS = NO;
				COPY_PHASE_STRIP = YES;
				DEBUG_INFORMATION_FORMAT = "dwarf-with-dsym";
				GCC_ENABLE_OBJC_EXCEPTIONS = YES;
				GCC_PRECOMPILE_PREFIX_HEADER = YES;
				GCC_PREFIX_HEADER = "Corpora Compare/Corpora Compare-Prefix.pch";
				INFOPLIST_FILE = "Corpora Compare/Corpora Compare-Info.plist";
				PRODUCT_NAME = "$(TARGET_NAME)";
				WRAPPER_EXTENSION = app;
			};
			name = Release;
		};
/* End XCBuildConfiguration section */

/* Begin XCConfigurationList section */
		3A837F85135BC927004BCE17 /* Build configuration list for PBXProject "Corpora Compare" */ = {
			isa = XCConfigurationList;
			buildConfigurations = (
				3A837FA7135BC928004BCE17 /* Debug */,
				3A837FA8135BC928004BCE17 /* Release */,
			);
			defaultConfigurationIsVisible = 0;
			defaultConfigurationName = Release;
		};
		3A837FA9135BC928004BCE17 /* Build configuration list for PBXNativeTarget "Corpora Compare" */ = {
			isa = XCConfigurationList;
			buildConfigurations = (
				3A837FAA135BC928004BCE17 /* Debug */,
				3A837FAB135BC928004BCE17 /* Release */,
			);
			defaultConfigurationIsVisible = 0;
		};
/* End XCConfigurationList section */
	};
	rootObject = 3A837F82135BC927004BCE17 /* Project object */;
}
